<?xml version="1.0" encoding="utf-8"?>
<Project ToolsVersion="4.0" xmlns="http://schemas.microsoft.com/developer/msbuild/2003">
  <ItemGroup>
    <None Include="packages.config" />
  </ItemGroup>
  <ItemGroup>
    <Filter Include="include">
      <UniqueIdentifier>{4a6f7daa-e81d-46d8-b429-f5ecfdd4cb2c}</UniqueIdentifier>
    </Filter>
    <Filter Include="include\bitcoin">
      <UniqueIdentifier>{77725f15-3bf1-413d-bc37-2a84e1c42a8c}</UniqueIdentifier>
    </Filter>
    <Filter Include="src">
      <UniqueIdentifier>{85274e2a-3e8f-44bd-9791-649cc30153d6}</UniqueIdentifier>
    </Filter>
    <Filter Include="include\bitcoin\consensus">
      <UniqueIdentifier>{7941946d-ec4e-428c-8938-6738ce134bf9}</UniqueIdentifier>
    </Filter>
    <Filter Include="src\crypto">
      <UniqueIdentifier>{49ade34d-149b-4932-80a4-c90b4910b9e5}</UniqueIdentifier>
    </Filter>
    <Filter Include="src\primitives">
      <UniqueIdentifier>{d6170c23-0c80-48de-8376-81d7f5b9a27c}</UniqueIdentifier>
    </Filter>
    <Filter Include="src\script">
      <UniqueIdentifier>{2ff9328c-b7af-4019-a468-810056437d23}</UniqueIdentifier>
    </Filter>
    <Filter Include="src\consensus">
      <UniqueIdentifier>{34b36c91-43b0-41f5-bfe1-70348e414767}</UniqueIdentifier>
    </Filter>
  </ItemGroup>
  <ItemGroup>
    <ClInclude Include="..\..\..\..\include\bitcoin\consensus.hpp">
      <Filter>include\bitcoin</Filter>
    </ClInclude>
    <ClInclude Include="..\..\..\..\include\bitcoin\consensus\version.hpp">
      <Filter>include\bitcoin\consensus</Filter>
    </ClInclude>
    <ClInclude Include="..\..\..\..\include\bitcoin\consensus\define.hpp">
      <Filter>include\bitcoin\consensus</Filter>
    </ClInclude>
    <ClInclude Include="..\..\..\..\src\serialize.h">
      <Filter>src</Filter>
    </ClInclude>
    <ClInclude Include="..\..\..\..\src\tinyformat.h">
      <Filter>src</Filter>
    </ClInclude>
    <ClInclude Include="..\..\..\..\src\uint256.h">
      <Filter>src</Filter>
    </ClInclude>
    <ClInclude Include="..\..\..\..\src\utilstrencodings.h">
      <Filter>src</Filter>
    </ClInclude>
    <ClInclude Include="..\..\..\..\src\version.h">
      <Filter>src</Filter>
    </ClInclude>
    <ClInclude Include="..\..\..\..\src\amount.h">
      <Filter>src</Filter>
    </ClInclude>
    <ClInclude Include="..\..\..\..\src\eccryptoverify.h">
      <Filter>src</Filter>
    </ClInclude>
    <ClInclude Include="..\..\..\..\src\ecwrapper.h">
      <Filter>src</Filter>
    </ClInclude>
    <ClInclude Include="..\..\..\..\src\hash.h">
      <Filter>src</Filter>
    </ClInclude>
    <ClInclude Include="..\..\..\..\src\pubkey.h">
      <Filter>src</Filter>
    </ClInclude>
    <ClInclude Include="..\..\..\..\src\script\interpreter.h">
      <Filter>src\script</Filter>
    </ClInclude>
    <ClInclude Include="..\..\..\..\src\script\script.h">
      <Filter>src\script</Filter>
    </ClInclude>
    <ClInclude Include="..\..\..\..\src\script\script_error.h">
      <Filter>src\script</Filter>
    </ClInclude>
    <ClInclude Include="..\..\..\..\src\primitives\transaction.h">
      <Filter>src\primitives</Filter>
    </ClInclude>
    <ClInclude Include="..\..\..\..\src\crypto\common.h">
      <Filter>src\crypto</Filter>
    </ClInclude>
    <ClInclude Include="..\..\..\..\src\crypto\hmac_sha512.h">
      <Filter>src\crypto</Filter>
    </ClInclude>
    <ClInclude Include="..\..\..\..\src\crypto\ripemd160.h">
      <Filter>src\crypto</Filter>
    </ClInclude>
    <ClInclude Include="..\..\..\..\src\crypto\sha1.h">
      <Filter>src\crypto</Filter>
    </ClInclude>
    <ClInclude Include="..\..\..\..\src\crypto\sha256.h">
      <Filter>src\crypto</Filter>
    </ClInclude>
    <ClInclude Include="..\..\..\..\src\crypto\sha512.h">
      <Filter>src\crypto</Filter>
    </ClInclude>
    <ClInclude Include="..\..\..\..\include\bitcoin\consensus\export.hpp">
      <Filter>include\bitcoin\consensus</Filter>
    </ClInclude>
    <ClInclude Include="..\..\..\..\src\consensus\consensus.h">
      <Filter>src\consensus</Filter>
    </ClInclude>
  </ItemGroup>
  <ItemGroup>
    <ClCompile Include="..\..\..\..\src\eccryptoverify.cpp">
      <Filter>src</Filter>
    </ClCompile>
    <ClCompile Include="..\..\..\..\src\ecwrapper.cpp">
      <Filter>src</Filter>
    </ClCompile>
    <ClCompile Include="..\..\..\..\src\hash.cpp">
      <Filter>src</Filter>
    </ClCompile>
    <ClCompile Include="..\..\..\..\src\pubkey.cpp">
      <Filter>src</Filter>
    </ClCompile>
    <ClCompile Include="..\..\..\..\src\uint256.cpp">
      <Filter>src</Filter>
    </ClCompile>
    <ClCompile Include="..\..\..\..\src\utilstrencodings.cpp">
      <Filter>src</Filter>
    </ClCompile>
    <ClCompile Include="..\..\..\..\src\script\interpreter.cpp">
      <Filter>src\script</Filter>
    </ClCompile>
    <ClCompile Include="..\..\..\..\src\script\script.cpp">
      <Filter>src\script</Filter>
    </ClCompile>
    <ClCompile Include="..\..\..\..\src\primitives\transaction.cpp">
      <Filter>src\primitives</Filter>
    </ClCompile>
    <ClCompile Include="..\..\..\..\src\crypto\hmac_sha512.cpp">
      <Filter>src\crypto</Filter>
    </ClCompile>
    <ClCompile Include="..\..\..\..\src\crypto\ripemd160.cpp">
      <Filter>src\crypto</Filter>
    </ClCompile>
    <ClCompile Include="..\..\..\..\src\crypto\sha1.cpp">
      <Filter>src\crypto</Filter>
    </ClCompile>
    <ClCompile Include="..\..\..\..\src\crypto\sha256.cpp">
      <Filter>src\crypto</Filter>
    </ClCompile>
    <ClCompile Include="..\..\..\..\src\crypto\sha512.cpp">
      <Filter>src\crypto</Filter>
    </ClCompile>
    <ClCompile Include="..\..\..\..\src\consensus\consensus.cpp">
      <Filter>src\consensus</Filter>
    </ClCompile>
  </ItemGroup>
</Project>