<?xml version="1.0" encoding="utf-8"?>
<Project ToolsVersion="4.0" xmlns="http://schemas.microsoft.com/developer/msbuild/2003">
  <ItemGroup>
    <None Include="packages.config" />
  </ItemGroup>
  <ItemGroup>
    <Filter Include="include">
      <UniqueIdentifier>{4a6f7daa-e81d-46d8-b429-f5ecfdd4cb2c}</UniqueIdentifier>
    </Filter>
    <Filter Include="include\bitcoin">
      <UniqueIdentifier>{77725f15-3bf1-413d-bc37-2a84e1c42a8c}</UniqueIdentifier>
    </Filter>
    <Filter Include="src">
      <UniqueIdentifier>{85274e2a-3e8f-44bd-9791-649cc30153d6}</UniqueIdentifier>
    </Filter>
    <Filter Include="include\bitcoin\consensus">
      <UniqueIdentifier>{7941946d-ec4e-428c-8938-6738ce134bf9}</UniqueIdentifier>
    </Filter>
    <Filter Include="src\consensus">
      <UniqueIdentifier>{34b36c91-43b0-41f5-bfe1-70348e414767}</UniqueIdentifier>
    </Filter>
    <Filter Include="src\clone">
      <UniqueIdentifier>{5f867d33-76b1-49b9-8608-03ae49aa5120}</UniqueIdentifier>
    </Filter>
    <Filter Include="src\clone\crypto">
      <UniqueIdentifier>{156ea162-5f87-4cba-982c-b07a97538748}</UniqueIdentifier>
    </Filter>
    <Filter Include="src\clone\primitives">
      <UniqueIdentifier>{479c8e36-5338-420c-ac34-a1da2e51c5a3}</UniqueIdentifier>
    </Filter>
    <Filter Include="src\clone\script">
      <UniqueIdentifier>{fa285d9b-dff2-426c-8541-d4425e18c276}</UniqueIdentifier>
    </Filter>
  </ItemGroup>
  <ItemGroup>
    <ClInclude Include="..\..\..\..\include\bitcoin\consensus.hpp">
      <Filter>include\bitcoin</Filter>
    </ClInclude>
    <ClInclude Include="..\..\..\..\include\bitcoin\consensus\version.hpp">
      <Filter>include\bitcoin\consensus</Filter>
    </ClInclude>
    <ClInclude Include="..\..\..\..\include\bitcoin\consensus\define.hpp">
      <Filter>include\bitcoin\consensus</Filter>
    </ClInclude>
    <ClInclude Include="..\..\..\..\include\bitcoin\consensus\export.hpp">
      <Filter>include\bitcoin\consensus</Filter>
    </ClInclude>
    <ClInclude Include="..\..\..\..\src\consensus\consensus.h">
      <Filter>src\consensus</Filter>
    </ClInclude>
    <ClInclude Include="..\..\resource.h" />
    <ClInclude Include="..\..\..\..\src\clone\utilstrencodings.h">
      <Filter>src\clone</Filter>
    </ClInclude>
    <ClInclude Include="..\..\..\..\src\clone\version.h">
      <Filter>src\clone</Filter>
    </ClInclude>
    <ClInclude Include="..\..\..\..\src\clone\amount.h">
      <Filter>src\clone</Filter>
    </ClInclude>
    <ClInclude Include="..\..\..\..\src\clone\eccryptoverify.h">
      <Filter>src\clone</Filter>
    </ClInclude>
    <ClInclude Include="..\..\..\..\src\clone\ecwrapper.h">
      <Filter>src\clone</Filter>
    </ClInclude>
    <ClInclude Include="..\..\..\..\src\clone\hash.h">
      <Filter>src\clone</Filter>
    </ClInclude>
    <ClInclude Include="..\..\..\..\src\clone\pubkey.h">
      <Filter>src\clone</Filter>
    </ClInclude>
    <ClInclude Include="..\..\..\..\src\clone\serialize.h">
      <Filter>src\clone</Filter>
    </ClInclude>
    <ClInclude Include="..\..\..\..\src\clone\tinyformat.h">
      <Filter>src\clone</Filter>
    </ClInclude>
    <ClInclude Include="..\..\..\..\src\clone\uint256.h">
      <Filter>src\clone</Filter>
    </ClInclude>
    <ClInclude Include="..\..\..\..\src\clone\crypto\common.h">
      <Filter>src\clone\crypto</Filter>
    </ClInclude>
    <ClInclude Include="..\..\..\..\src\clone\crypto\hmac_sha512.h">
      <Filter>src\clone\crypto</Filter>
    </ClInclude>
    <ClInclude Include="..\..\..\..\src\clone\crypto\ripemd160.h">
      <Filter>src\clone\crypto</Filter>
    </ClInclude>
    <ClInclude Include="..\..\..\..\src\clone\crypto\sha1.h">
      <Filter>src\clone\crypto</Filter>
    </ClInclude>
    <ClInclude Include="..\..\..\..\src\clone\crypto\sha256.h">
      <Filter>src\clone\crypto</Filter>
    </ClInclude>
    <ClInclude Include="..\..\..\..\src\clone\crypto\sha512.h">
      <Filter>src\clone\crypto</Filter>
    </ClInclude>
    <ClInclude Include="..\..\..\..\src\clone\primitives\transaction.h">
      <Filter>src\clone\primitives</Filter>
    </ClInclude>
    <ClInclude Include="..\..\..\..\src\clone\script\script_error.h">
      <Filter>src\clone\script</Filter>
    </ClInclude>
    <ClInclude Include="..\..\..\..\src\clone\script\interpreter.h">
      <Filter>src\clone\script</Filter>
    </ClInclude>
    <ClInclude Include="..\..\..\..\src\clone\script\script.h">
      <Filter>src\clone\script</Filter>
    </ClInclude>
  </ItemGroup>
  <ItemGroup>
    <ClCompile Include="..\..\..\..\src\consensus\consensus.cpp">
      <Filter>src\consensus</Filter>
    </ClCompile>
    <ClCompile Include="..\..\..\..\src\clone\eccryptoverify.cpp">
      <Filter>src\clone</Filter>
    </ClCompile>
    <ClCompile Include="..\..\..\..\src\clone\ecwrapper.cpp">
      <Filter>src\clone</Filter>
    </ClCompile>
    <ClCompile Include="..\..\..\..\src\clone\hash.cpp">
      <Filter>src\clone</Filter>
    </ClCompile>
    <ClCompile Include="..\..\..\..\src\clone\pubkey.cpp">
      <Filter>src\clone</Filter>
    </ClCompile>
    <ClCompile Include="..\..\..\..\src\clone\uint256.cpp">
      <Filter>src\clone</Filter>
    </ClCompile>
    <ClCompile Include="..\..\..\..\src\clone\utilstrencodings.cpp">
      <Filter>src\clone</Filter>
    </ClCompile>
    <ClCompile Include="..\..\..\..\src\clone\crypto\hmac_sha512.cpp">
      <Filter>src\clone\crypto</Filter>
    </ClCompile>
    <ClCompile Include="..\..\..\..\src\clone\crypto\ripemd160.cpp">
      <Filter>src\clone\crypto</Filter>
    </ClCompile>
    <ClCompile Include="..\..\..\..\src\clone\crypto\sha1.cpp">
      <Filter>src\clone\crypto</Filter>
    </ClCompile>
    <ClCompile Include="..\..\..\..\src\clone\crypto\sha256.cpp">
      <Filter>src\clone\crypto</Filter>
    </ClCompile>
    <ClCompile Include="..\..\..\..\src\clone\crypto\sha512.cpp">
      <Filter>src\clone\crypto</Filter>
    </ClCompile>
    <ClCompile Include="..\..\..\..\src\clone\primitives\transaction.cpp">
      <Filter>src\clone\primitives</Filter>
    </ClCompile>
    <ClCompile Include="..\..\..\..\src\clone\script\interpreter.cpp">
      <Filter>src\clone\script</Filter>
    </ClCompile>
    <ClCompile Include="..\..\..\..\src\clone\script\script.cpp">
      <Filter>src\clone\script</Filter>
    </ClCompile>
  </ItemGroup>
  <ItemGroup>
    <ResourceCompile Include="..\..\resource.rc" />
  </ItemGroup>
</Project>