
Microsoft Visual Studio Solution File, Format Version 12.00
# Visual Studio 15
VisualStudioVersion = 15.0.27004.2010
MinimumVisualStudioVersion = 10.0.40219.1
Project("{8BC9CEB8-8B4A-11D0-8D11-00A0C91BC942}") = "libbitcoin-consensus", "libbitcoin-consensus\libbitcoin-consensus.vcxproj", "{6C521D95-00CE-4120-97D1-430E2870D738}"
EndProject
Project("{8BC9CEB8-8B4A-11D0-8D11-00A0C91BC942}") = "libbitcoin-consensus-test", "libbitcoin-consensus-test\libbitcoin-consensus-test.vcxproj", "{D282EF8C-6217-483C-AC47-864B2FBA50FD}"
EndProject
Global
	GlobalSection(SolutionConfigurationPlatforms) = preSolution
		StaticDebug|Win32 = StaticDebug|Win32
		StaticDebug|x64 = StaticDebug|x64
		StaticRelease|Win32 = StaticRelease|Win32
		StaticRelease|x64 = StaticRelease|x64
	EndGlobalSection
	GlobalSection(ProjectConfigurationPlatforms) = postSolution
		{6C521D95-00CE-4120-97D1-430E2870D738}.StaticDebug|Win32.ActiveCfg = DebugLIB|Win32
		{6C521D95-00CE-4120-97D1-430E2870D738}.StaticDebug|Win32.Build.0 = DebugLIB|Win32
		{6C521D95-00CE-4120-97D1-430E2870D738}.StaticDebug|x64.ActiveCfg = DebugLIB|x64
		{6C521D95-00CE-4120-97D1-430E2870D738}.StaticDebug|x64.Build.0 = DebugLIB|x64
		{6C521D95-00CE-4120-97D1-430E2870D738}.StaticRelease|Win32.ActiveCfg = ReleaseLIB|Win32
		{6C521D95-00CE-4120-97D1-430E2870D738}.StaticRelease|Win32.Build.0 = ReleaseLIB|Win32
		{6C521D95-00CE-4120-97D1-430E2870D738}.StaticRelease|x64.ActiveCfg = ReleaseLIB|x64
		{6C521D95-00CE-4120-97D1-430E2870D738}.StaticRelease|x64.Build.0 = ReleaseLIB|x64
		{D282EF8C-6217-483C-AC47-864B2FBA50FD}.StaticDebug|Win32.ActiveCfg = DebugSEXE|Win32
		{D282EF8C-6217-483C-AC47-864B2FBA50FD}.StaticDebug|Win32.Build.0 = DebugSEXE|Win32
		{D282EF8C-6217-483C-AC47-864B2FBA50FD}.StaticDebug|x64.ActiveCfg = DebugSEXE|x64
		{D282EF8C-6217-483C-AC47-864B2FBA50FD}.StaticDebug|x64.Build.0 = DebugSEXE|x64
		{D282EF8C-6217-483C-AC47-864B2FBA50FD}.StaticRelease|Win32.ActiveCfg = ReleaseSEXE|Win32
		{D282EF8C-6217-483C-AC47-864B2FBA50FD}.StaticRelease|Win32.Build.0 = ReleaseSEXE|Win32
		{D282EF8C-6217-483C-AC47-864B2FBA50FD}.StaticRelease|x64.ActiveCfg = ReleaseSEXE|x64
		{D282EF8C-6217-483C-AC47-864B2FBA50FD}.StaticRelease|x64.Build.0 = ReleaseSEXE|x64
	EndGlobalSection
	GlobalSection(SolutionProperties) = preSolution
		HideSolutionNode = FALSE
	EndGlobalSection
EndGlobal
